
Microsoft Visual Studio Solution File, Format Version 12.00
# Visual Studio Version 17
VisualStudioVersion = 17.4.33213.308
MinimumVisualStudioVersion = 10.0.40219.1
Project("{9A19103F-16F7-4668-BE54-9A1E7A4F7556}") = "QyonAdventureWorks.Api", "QyonAdventureWorks\QyonAdventureWorks.Api.csproj", "{C1D025AF-D0DE-42A2-9DDE-0186618B158F}"
EndProject
Project("{9A19103F-16F7-4668-BE54-9A1E7A4F7556}") = "QyonAdventureWorks.Domain", "QyonAdventureWorks.Domain\QyonAdventureWorks.Domain.csproj", "{AA5DDE7D-B3AA-40A8-9F15-A24600C19953}"
EndProject
Project("{9A19103F-16F7-4668-BE54-9A1E7A4F7556}") = "QyonAdventureWorks.Infra", "QyonAdventureWorks.Infra\QyonAdventureWorks.Infra.csproj", "{734D2F0E-622A-485B-A620-4F68D7FAEA46}"
EndProject
Global
	GlobalSection(SolutionConfigurationPlatforms) = preSolution
		Debug|Any CPU = Debug|Any CPU
		Release|Any CPU = Release|Any CPU
	EndGlobalSection
	GlobalSection(ProjectConfigurationPlatforms) = postSolution
		{C1D025AF-D0DE-42A2-9DDE-0186618B158F}.Debug|Any CPU.ActiveCfg = Debug|Any CPU
		{C1D025AF-D0DE-42A2-9DDE-0186618B158F}.Debug|Any CPU.Build.0 = Debug|Any CPU
		{C1D025AF-D0DE-42A2-9DDE-0186618B158F}.Release|Any CPU.ActiveCfg = Release|Any CPU
		{C1D025AF-D0DE-42A2-9DDE-0186618B158F}.Release|Any CPU.Build.0 = Release|Any CPU
		{AA5DDE7D-B3AA-40A8-9F15-A24600C19953}.Debug|Any CPU.ActiveCfg = Debug|Any CPU
		{AA5DDE7D-B3AA-40A8-9F15-A24600C19953}.Debug|Any CPU.Build.0 = Debug|Any CPU
		{AA5DDE7D-B3AA-40A8-9F15-A24600C19953}.Release|Any CPU.ActiveCfg = Release|Any CPU
		{AA5DDE7D-B3AA-40A8-9F15-A24600C19953}.Release|Any CPU.Build.0 = Release|Any CPU
		{734D2F0E-622A-485B-A620-4F68D7FAEA46}.Debug|Any CPU.ActiveCfg = Debug|Any CPU
		{734D2F0E-622A-485B-A620-4F68D7FAEA46}.Debug|Any CPU.Build.0 = Debug|Any CPU
		{734D2F0E-622A-485B-A620-4F68D7FAEA46}.Release|Any CPU.ActiveCfg = Release|Any CPU
		{734D2F0E-622A-485B-A620-4F68D7FAEA46}.Release|Any CPU.Build.0 = Release|Any CPU
	EndGlobalSection
	GlobalSection(SolutionProperties) = preSolution
		HideSolutionNode = FALSE
	EndGlobalSection
	GlobalSection(ExtensibilityGlobals) = postSolution
		SolutionGuid = {41F458E3-F090-423D-9107-D1B3E89D7875}
	EndGlobalSection
EndGlobal
